
Microsoft Visual Studio Solution File, Format Version 12.00
# Visual Studio 15
VisualStudioVersion = 15.0.27004.2010
MinimumVisualStudioVersion = 10.0.40219.1
Project("{FAE04EC0-301F-11D3-BF4B-00C04F79EFBC}") = "Umbraco.Grid.Fanoe", "Umbraco.Grid.Fanoe\Umbraco.Grid.Fanoe.csproj", "{862667E2-050D-4468-B15A-6D5EA806E7A2}"
EndProject
Project("{FAE04EC0-301F-11D3-BF4B-00C04F79EFBC}") = "Umbraco.Grid.UI.Test", "Umbraco.Grid.UI.Test\Umbraco.Grid.UI.Test.csproj", "{7E2CB289-FCD3-488C-A3DE-EFA8FCCC90CE}"
EndProject
Global
	GlobalSection(SolutionConfigurationPlatforms) = preSolution
		Debug|Any CPU = Debug|Any CPU
		Release|Any CPU = Release|Any CPU
	EndGlobalSection
	GlobalSection(ProjectConfigurationPlatforms) = postSolution
		{862667E2-050D-4468-B15A-6D5EA806E7A2}.Debug|Any CPU.ActiveCfg = Debug|Any CPU
		{862667E2-050D-4468-B15A-6D5EA806E7A2}.Debug|Any CPU.Build.0 = Debug|Any CPU
		{862667E2-050D-4468-B15A-6D5EA806E7A2}.Release|Any CPU.ActiveCfg = Release|Any CPU
		{862667E2-050D-4468-B15A-6D5EA806E7A2}.Release|Any CPU.Build.0 = Release|Any CPU
		{7E2CB289-FCD3-488C-A3DE-EFA8FCCC90CE}.Debug|Any CPU.ActiveCfg = Debug|Any CPU
		{7E2CB289-FCD3-488C-A3DE-EFA8FCCC90CE}.Debug|Any CPU.Build.0 = Debug|Any CPU
		{7E2CB289-FCD3-488C-A3DE-EFA8FCCC90CE}.Release|Any CPU.ActiveCfg = Release|Any CPU
		{7E2CB289-FCD3-488C-A3DE-EFA8FCCC90CE}.Release|Any CPU.Build.0 = Release|Any CPU
	EndGlobalSection
	GlobalSection(SolutionProperties) = preSolution
		HideSolutionNode = FALSE
	EndGlobalSection
	GlobalSection(ExtensibilityGlobals) = postSolution
		SolutionGuid = {AD5E864E-5CF9-4587-B396-3F468B1F2EBE}
	EndGlobalSection
EndGlobal
